
Microsoft Visual Studio Solution File, Format Version 12.00
# Visual Studio Version 17
VisualStudioVersion = 17.13.35818.85 d17.13
MinimumVisualStudioVersion = 10.0.40219.1
Project("{FAE04EC0-301F-11D3-BF4B-00C04F79EFBC}") = "DemoServiceBusFunction", "DemoServiceBusFunction.csproj", "{F36D55EC-908A-D82F-94B1-CBDA18B1580E}"
EndProject
Global
	GlobalSection(SolutionConfigurationPlatforms) = preSolution
		Debug|Any CPU = Debug|Any CPU
		Release|Any CPU = Release|Any CPU
	EndGlobalSection
	GlobalSection(ProjectConfigurationPlatforms) = postSolution
		{F36D55EC-908A-D82F-94B1-CBDA18B1580E}.Debug|Any CPU.ActiveCfg = Debug|Any CPU
		{F36D55EC-908A-D82F-94B1-CBDA18B1580E}.Debug|Any CPU.Build.0 = Debug|Any CPU
		{F36D55EC-908A-D82F-94B1-CBDA18B1580E}.Release|Any CPU.ActiveCfg = Release|Any CPU
		{F36D55EC-908A-D82F-94B1-CBDA18B1580E}.Release|Any CPU.Build.0 = Release|Any CPU
	EndGlobalSection
	GlobalSection(SolutionProperties) = preSolution
		HideSolutionNode = FALSE
	EndGlobalSection
	GlobalSection(ExtensibilityGlobals) = postSolution
		SolutionGuid = {C620E004-35C9-4A6E-B724-13F77A742C96}
	EndGlobalSection
EndGlobal
